
Microsoft Visual Studio Solution File, Format Version 12.00
# Visual Studio 2013
VisualStudioVersion = 12.0.21005.1
MinimumVisualStudioVersion = 10.0.40219.1
Project("{FAE04EC0-301F-11D3-BF4B-00C04F79EFBC}") = "School.Entities", "School.Entities\School.Entities.csproj", "{0D7CE4E4-9E8D-4AA8-80D6-1CA7FCB83AC5}"
EndProject
Project("{FAE04EC0-301F-11D3-BF4B-00C04F79EFBC}") = "School.Data", "School.Data\School.Data.csproj", "{33250C54-8681-4826-80DC-CC3B4929C576}"
EndProject
Project("{FAE04EC0-301F-11D3-BF4B-00C04F79EFBC}") = "School.Services", "School.Services\School.Services.csproj", "{0B1D155D-CAB1-428F-A820-FB6BEECF6834}"
EndProject
Project("{FAE04EC0-301F-11D3-BF4B-00C04F79EFBC}") = "School.Web", "School.Web\School.Web.csproj", "{0514EEC7-0FA7-4C9E-AF41-A60699E323DA}"
EndProject
Global
	GlobalSection(SolutionConfigurationPlatforms) = preSolution
		Debug|Any CPU = Debug|Any CPU
		Release|Any CPU = Release|Any CPU
	EndGlobalSection
	GlobalSection(ProjectConfigurationPlatforms) = postSolution
		{0D7CE4E4-9E8D-4AA8-80D6-1CA7FCB83AC5}.Debug|Any CPU.ActiveCfg = Debug|Any CPU
		{0D7CE4E4-9E8D-4AA8-80D6-1CA7FCB83AC5}.Debug|Any CPU.Build.0 = Debug|Any CPU
		{0D7CE4E4-9E8D-4AA8-80D6-1CA7FCB83AC5}.Release|Any CPU.ActiveCfg = Release|Any CPU
		{0D7CE4E4-9E8D-4AA8-80D6-1CA7FCB83AC5}.Release|Any CPU.Build.0 = Release|Any CPU
		{33250C54-8681-4826-80DC-CC3B4929C576}.Debug|Any CPU.ActiveCfg = Debug|Any CPU
		{33250C54-8681-4826-80DC-CC3B4929C576}.Debug|Any CPU.Build.0 = Debug|Any CPU
		{33250C54-8681-4826-80DC-CC3B4929C576}.Release|Any CPU.ActiveCfg = Release|Any CPU
		{33250C54-8681-4826-80DC-CC3B4929C576}.Release|Any CPU.Build.0 = Release|Any CPU
		{0B1D155D-CAB1-428F-A820-FB6BEECF6834}.Debug|Any CPU.ActiveCfg = Debug|Any CPU
		{0B1D155D-CAB1-428F-A820-FB6BEECF6834}.Debug|Any CPU.Build.0 = Debug|Any CPU
		{0B1D155D-CAB1-428F-A820-FB6BEECF6834}.Release|Any CPU.ActiveCfg = Release|Any CPU
		{0B1D155D-CAB1-428F-A820-FB6BEECF6834}.Release|Any CPU.Build.0 = Release|Any CPU
		{0514EEC7-0FA7-4C9E-AF41-A60699E323DA}.Debug|Any CPU.ActiveCfg = Debug|Any CPU
		{0514EEC7-0FA7-4C9E-AF41-A60699E323DA}.Debug|Any CPU.Build.0 = Debug|Any CPU
		{0514EEC7-0FA7-4C9E-AF41-A60699E323DA}.Release|Any CPU.ActiveCfg = Release|Any CPU
		{0514EEC7-0FA7-4C9E-AF41-A60699E323DA}.Release|Any CPU.Build.0 = Release|Any CPU
	EndGlobalSection
	GlobalSection(SolutionProperties) = preSolution
		HideSolutionNode = FALSE
	EndGlobalSection
EndGlobal
